
Microsoft Visual Studio Solution File, Format Version 12.00
# Visual Studio Version 17
VisualStudioVersion = 17.14.36414.22
MinimumVisualStudioVersion = 10.0.40219.1
Project("{FAE04EC0-301F-11D3-BF4B-00C04F79EFBC}") = "Bai1", "Bai1\Bai1.csproj", "{F02EC1B0-F2FE-424C-BED5-42C6D0A763A8}"
EndProject
Project("{FAE04EC0-301F-11D3-BF4B-00C04F79EFBC}") = "Bai2", "Bai2\Bai2.csproj", "{0A6FE0A3-E940-4AA6-AD2F-A6357B9E05AC}"
EndProject
Project("{FAE04EC0-301F-11D3-BF4B-00C04F79EFBC}") = "Bai3", "Bai3\Bai3.csproj", "{E35CA86A-48BD-4FB3-BA37-53705F8AD9E0}"
EndProject
Project("{FAE04EC0-301F-11D3-BF4B-00C04F79EFBC}") = "Bai4", "Bai4\Bai4.csproj", "{DE928462-A3FC-4E8C-9792-9E95EA59504D}"
EndProject
Project("{FAE04EC0-301F-11D3-BF4B-00C04F79EFBC}") = "Bai5", "Bai5\Bai5.csproj", "{D2EBFE0A-B4D8-4824-8A46-2939ABDD9384}"
EndProject
Project("{FAE04EC0-301F-11D3-BF4B-00C04F79EFBC}") = "Bai6", "Bai6\Bai6.csproj", "{53BCB9BA-2A2A-401E-9DC4-D7F070B4B86B}"
EndProject
Project("{FAE04EC0-301F-11D3-BF4B-00C04F79EFBC}") = "Bai7", "Bai7\Bai7.csproj", "{009CBF38-8BD2-4D90-8477-80C92A51A5C2}"
EndProject
Project("{FAE04EC0-301F-11D3-BF4B-00C04F79EFBC}") = "Bai8", "Bai8\Bai8.csproj", "{58511D6E-4A33-42A5-A68A-6596936ACEB8}"
EndProject
Global
	GlobalSection(SolutionConfigurationPlatforms) = preSolution
		Debug|Any CPU = Debug|Any CPU
		Release|Any CPU = Release|Any CPU
	EndGlobalSection
	GlobalSection(ProjectConfigurationPlatforms) = postSolution
		{F02EC1B0-F2FE-424C-BED5-42C6D0A763A8}.Debug|Any CPU.ActiveCfg = Debug|Any CPU
		{F02EC1B0-F2FE-424C-BED5-42C6D0A763A8}.Debug|Any CPU.Build.0 = Debug|Any CPU
		{F02EC1B0-F2FE-424C-BED5-42C6D0A763A8}.Release|Any CPU.ActiveCfg = Release|Any CPU
		{F02EC1B0-F2FE-424C-BED5-42C6D0A763A8}.Release|Any CPU.Build.0 = Release|Any CPU
		{0A6FE0A3-E940-4AA6-AD2F-A6357B9E05AC}.Debug|Any CPU.ActiveCfg = Debug|Any CPU
		{0A6FE0A3-E940-4AA6-AD2F-A6357B9E05AC}.Debug|Any CPU.Build.0 = Debug|Any CPU
		{0A6FE0A3-E940-4AA6-AD2F-A6357B9E05AC}.Release|Any CPU.ActiveCfg = Release|Any CPU
		{0A6FE0A3-E940-4AA6-AD2F-A6357B9E05AC}.Release|Any CPU.Build.0 = Release|Any CPU
		{E35CA86A-48BD-4FB3-BA37-53705F8AD9E0}.Debug|Any CPU.ActiveCfg = Debug|Any CPU
		{E35CA86A-48BD-4FB3-BA37-53705F8AD9E0}.Debug|Any CPU.Build.0 = Debug|Any CPU
		{E35CA86A-48BD-4FB3-BA37-53705F8AD9E0}.Release|Any CPU.ActiveCfg = Release|Any CPU
		{E35CA86A-48BD-4FB3-BA37-53705F8AD9E0}.Release|Any CPU.Build.0 = Release|Any CPU
		{DE928462-A3FC-4E8C-9792-9E95EA59504D}.Debug|Any CPU.ActiveCfg = Debug|Any CPU
		{DE928462-A3FC-4E8C-9792-9E95EA59504D}.Debug|Any CPU.Build.0 = Debug|Any CPU
		{DE928462-A3FC-4E8C-9792-9E95EA59504D}.Release|Any CPU.ActiveCfg = Release|Any CPU
		{DE928462-A3FC-4E8C-9792-9E95EA59504D}.Release|Any CPU.Build.0 = Release|Any CPU
		{D2EBFE0A-B4D8-4824-8A46-2939ABDD9384}.Debug|Any CPU.ActiveCfg = Debug|Any CPU
		{D2EBFE0A-B4D8-4824-8A46-2939ABDD9384}.Debug|Any CPU.Build.0 = Debug|Any CPU
		{D2EBFE0A-B4D8-4824-8A46-2939ABDD9384}.Release|Any CPU.ActiveCfg = Release|Any CPU
		{D2EBFE0A-B4D8-4824-8A46-2939ABDD9384}.Release|Any CPU.Build.0 = Release|Any CPU
		{53BCB9BA-2A2A-401E-9DC4-D7F070B4B86B}.Debug|Any CPU.ActiveCfg = Debug|Any CPU
		{53BCB9BA-2A2A-401E-9DC4-D7F070B4B86B}.Debug|Any CPU.Build.0 = Debug|Any CPU
		{53BCB9BA-2A2A-401E-9DC4-D7F070B4B86B}.Release|Any CPU.ActiveCfg = Release|Any CPU
		{53BCB9BA-2A2A-401E-9DC4-D7F070B4B86B}.Release|Any CPU.Build.0 = Release|Any CPU
		{009CBF38-8BD2-4D90-8477-80C92A51A5C2}.Debug|Any CPU.ActiveCfg = Debug|Any CPU
		{009CBF38-8BD2-4D90-8477-80C92A51A5C2}.Debug|Any CPU.Build.0 = Debug|Any CPU
		{009CBF38-8BD2-4D90-8477-80C92A51A5C2}.Release|Any CPU.ActiveCfg = Release|Any CPU
		{009CBF38-8BD2-4D90-8477-80C92A51A5C2}.Release|Any CPU.Build.0 = Release|Any CPU
		{58511D6E-4A33-42A5-A68A-6596936ACEB8}.Debug|Any CPU.ActiveCfg = Debug|Any CPU
		{58511D6E-4A33-42A5-A68A-6596936ACEB8}.Debug|Any CPU.Build.0 = Debug|Any CPU
		{58511D6E-4A33-42A5-A68A-6596936ACEB8}.Release|Any CPU.ActiveCfg = Release|Any CPU
		{58511D6E-4A33-42A5-A68A-6596936ACEB8}.Release|Any CPU.Build.0 = Release|Any CPU
	EndGlobalSection
	GlobalSection(SolutionProperties) = preSolution
		HideSolutionNode = FALSE
	EndGlobalSection
	GlobalSection(ExtensibilityGlobals) = postSolution
		SolutionGuid = {6BA48C02-D674-43E5-9DC0-9D8680F0897F}
	EndGlobalSection
EndGlobal
