
Microsoft Visual Studio Solution File, Format Version 12.00
# Visual Studio Version 17
VisualStudioVersion = 17.14.36511.14 d17.14
MinimumVisualStudioVersion = 10.0.40219.1
Project("{FAE04EC0-301F-11D3-BF4B-00C04F79EFBC}") = "Bai 1", "Bai 1\Bai 1.csproj", "{E1EF7C85-C755-477C-A07A-A656EA0DB42D}"
EndProject
Global
	GlobalSection(SolutionConfigurationPlatforms) = preSolution
		Debug|Any CPU = Debug|Any CPU
		Release|Any CPU = Release|Any CPU
	EndGlobalSection
	GlobalSection(ProjectConfigurationPlatforms) = postSolution
		{E1EF7C85-C755-477C-A07A-A656EA0DB42D}.Debug|Any CPU.ActiveCfg = Debug|Any CPU
		{E1EF7C85-C755-477C-A07A-A656EA0DB42D}.Debug|Any CPU.Build.0 = Debug|Any CPU
		{E1EF7C85-C755-477C-A07A-A656EA0DB42D}.Release|Any CPU.ActiveCfg = Release|Any CPU
		{E1EF7C85-C755-477C-A07A-A656EA0DB42D}.Release|Any CPU.Build.0 = Release|Any CPU
	EndGlobalSection
	GlobalSection(SolutionProperties) = preSolution
		HideSolutionNode = FALSE
	EndGlobalSection
	GlobalSection(ExtensibilityGlobals) = postSolution
		SolutionGuid = {E03FD580-C536-4235-9134-076DA6590A6F}
	EndGlobalSection
EndGlobal
