
Microsoft Visual Studio Solution File, Format Version 12.00
# Visual Studio Version 17
VisualStudioVersion = 17.10.35027.167
MinimumVisualStudioVersion = 10.0.40219.1
Project("{FAE04EC0-301F-11D3-BF4B-00C04F79EFBC}") = "chuong2_bai1", "Bai1\chuong2_bai1.csproj", "{9F0872CE-4118-458D-B537-1E68421AFB9E}"
EndProject
Project("{FAE04EC0-301F-11D3-BF4B-00C04F79EFBC}") = "chuong2_Bai2", "Bai2\chuong2_Bai2.csproj", "{50F4A2AC-6085-47E4-8559-F5A1596CC77E}"
EndProject
Project("{FAE04EC0-301F-11D3-BF4B-00C04F79EFBC}") = "chuong2_Bai3", "Bai3\chuong2_Bai3.csproj", "{D217D4EC-3EDF-4D00-A161-D66937A00490}"
EndProject
Project("{FAE04EC0-301F-11D3-BF4B-00C04F79EFBC}") = "chuong2_Bai4", "Bai4\chuong2_Bai4.csproj", "{668F89E8-251E-48CE-BAD2-30012105BBD6}"
EndProject
Project("{FAE04EC0-301F-11D3-BF4B-00C04F79EFBC}") = "chuong2_Bai5", "Bai5\chuong2_Bai5.csproj", "{684581E5-A72D-4130-A2E1-F2F7EAB5E8B0}"
EndProject
Project("{FAE04EC0-301F-11D3-BF4B-00C04F79EFBC}") = "chuong2_Bai6", "Bai6\chuong2_Bai6.csproj", "{FE4C9E27-DA64-4413-A2EA-F3434485CE7A}"
EndProject
Project("{FAE04EC0-301F-11D3-BF4B-00C04F79EFBC}") = "chuong2_Bai7", "Bai7\chuong2_Bai7.csproj", "{DEB4D3A6-7853-4615-991F-75A13E77B9C7}"
EndProject
Project("{FAE04EC0-301F-11D3-BF4B-00C04F79EFBC}") = "chuong2_Bai8", "Bai8\chuong2_Bai8.csproj", "{4F82467B-B2A9-40B6-906D-7F0F89011DCB}"
EndProject
Project("{FAE04EC0-301F-11D3-BF4B-00C04F79EFBC}") = "chuong2_Bai9", "Bai9\chuong2_Bai9.csproj", "{9015E74E-7E2A-4F41-82C0-968CA67B7F29}"
EndProject
Project("{FAE04EC0-301F-11D3-BF4B-00C04F79EFBC}") = "chuong2_Bai10", "Bai10\chuong2_Bai10.csproj", "{037AD2B2-7E28-4C67-BE2F-73E86031BDFB}"
EndProject
Project("{FAE04EC0-301F-11D3-BF4B-00C04F79EFBC}") = "chuong3_bai1", "chuong3_bai1\chuong3_bai1.csproj", "{1B3BBF91-B168-4203-9BA7-A48D0E96DF49}"
EndProject
Project("{FAE04EC0-301F-11D3-BF4B-00C04F79EFBC}") = "Chuong3_bai2", "Chuong_bai2\Chuong3_bai2.csproj", "{3E19EE95-2753-4B8F-889C-D8F595E71C1A}"
EndProject
Project("{FAE04EC0-301F-11D3-BF4B-00C04F79EFBC}") = "Chuong3_bai3", "Chuong3_bai3\Chuong3_bai3.csproj", "{37A6DF71-D00C-445F-BA92-F07365F58EFD}"
EndProject
Project("{FAE04EC0-301F-11D3-BF4B-00C04F79EFBC}") = "Chuong3_bai4", "Chuong3_bai4\Chuong3_bai4.csproj", "{FDA191C1-C8EC-4AC1-9835-155FD0DE1E3C}"
EndProject
Project("{FAE04EC0-301F-11D3-BF4B-00C04F79EFBC}") = "Chuong4_bai1", "Chuong4_bai1\Chuong4_bai1.csproj", "{41BC2D11-7F08-409C-B0EA-D293725609A1}"
EndProject
Project("{FAE04EC0-301F-11D3-BF4B-00C04F79EFBC}") = "Chuong4_bai2", "Chuong4_bai2\Chuong4_bai2.csproj", "{52169DF8-3B86-41DB-BAFD-2B624786385E}"
EndProject
Project("{FAE04EC0-301F-11D3-BF4B-00C04F79EFBC}") = "Chuong4_bai3", "Chuong4_bai3\Chuong4_bai3.csproj", "{05195FC3-312E-4BB2-B8CB-AD1003269F06}"
EndProject
Project("{FAE04EC0-301F-11D3-BF4B-00C04F79EFBC}") = "Chuong4_Bai4", "Chuong4_Bai4\Chuong4_Bai4.csproj", "{08413568-7D63-439E-A513-006A1F114272}"
EndProject
Project("{FAE04EC0-301F-11D3-BF4B-00C04F79EFBC}") = "Chuong4_bai5", "Chuong4_bai5\Chuong4_bai5.csproj", "{3F5A1A70-3B9C-43E6-A316-4BC51A167F11}"
EndProject
Project("{FAE04EC0-301F-11D3-BF4B-00C04F79EFBC}") = "Chuong4_bai6", "Chuong4_bai6\Chuong4_bai6.csproj", "{1DE59ABD-8626-486F-BE31-E378E4626C06}"
EndProject
Project("{FAE04EC0-301F-11D3-BF4B-00C04F79EFBC}") = "Chuong4_bai7", "Chuong4_bai7\Chuong4_bai7.csproj", "{CCD96825-4C2F-4DC3-9A2A-1F422CCCD738}"
EndProject
Global
	GlobalSection(SolutionConfigurationPlatforms) = preSolution
		Debug|Any CPU = Debug|Any CPU
		Release|Any CPU = Release|Any CPU
	EndGlobalSection
	GlobalSection(ProjectConfigurationPlatforms) = postSolution
		{9F0872CE-4118-458D-B537-1E68421AFB9E}.Debug|Any CPU.ActiveCfg = Debug|Any CPU
		{9F0872CE-4118-458D-B537-1E68421AFB9E}.Debug|Any CPU.Build.0 = Debug|Any CPU
		{9F0872CE-4118-458D-B537-1E68421AFB9E}.Release|Any CPU.ActiveCfg = Release|Any CPU
		{9F0872CE-4118-458D-B537-1E68421AFB9E}.Release|Any CPU.Build.0 = Release|Any CPU
		{50F4A2AC-6085-47E4-8559-F5A1596CC77E}.Debug|Any CPU.ActiveCfg = Debug|Any CPU
		{50F4A2AC-6085-47E4-8559-F5A1596CC77E}.Debug|Any CPU.Build.0 = Debug|Any CPU
		{50F4A2AC-6085-47E4-8559-F5A1596CC77E}.Release|Any CPU.ActiveCfg = Release|Any CPU
		{50F4A2AC-6085-47E4-8559-F5A1596CC77E}.Release|Any CPU.Build.0 = Release|Any CPU
		{D217D4EC-3EDF-4D00-A161-D66937A00490}.Debug|Any CPU.ActiveCfg = Debug|Any CPU
		{D217D4EC-3EDF-4D00-A161-D66937A00490}.Debug|Any CPU.Build.0 = Debug|Any CPU
		{D217D4EC-3EDF-4D00-A161-D66937A00490}.Release|Any CPU.ActiveCfg = Release|Any CPU
		{D217D4EC-3EDF-4D00-A161-D66937A00490}.Release|Any CPU.Build.0 = Release|Any CPU
		{668F89E8-251E-48CE-BAD2-30012105BBD6}.Debug|Any CPU.ActiveCfg = Debug|Any CPU
		{668F89E8-251E-48CE-BAD2-30012105BBD6}.Debug|Any CPU.Build.0 = Debug|Any CPU
		{668F89E8-251E-48CE-BAD2-30012105BBD6}.Release|Any CPU.ActiveCfg = Release|Any CPU
		{668F89E8-251E-48CE-BAD2-30012105BBD6}.Release|Any CPU.Build.0 = Release|Any CPU
		{684581E5-A72D-4130-A2E1-F2F7EAB5E8B0}.Debug|Any CPU.ActiveCfg = Debug|Any CPU
		{684581E5-A72D-4130-A2E1-F2F7EAB5E8B0}.Debug|Any CPU.Build.0 = Debug|Any CPU
		{684581E5-A72D-4130-A2E1-F2F7EAB5E8B0}.Release|Any CPU.ActiveCfg = Release|Any CPU
		{684581E5-A72D-4130-A2E1-F2F7EAB5E8B0}.Release|Any CPU.Build.0 = Release|Any CPU
		{FE4C9E27-DA64-4413-A2EA-F3434485CE7A}.Debug|Any CPU.ActiveCfg = Debug|Any CPU
		{FE4C9E27-DA64-4413-A2EA-F3434485CE7A}.Debug|Any CPU.Build.0 = Debug|Any CPU
		{FE4C9E27-DA64-4413-A2EA-F3434485CE7A}.Release|Any CPU.ActiveCfg = Release|Any CPU
		{FE4C9E27-DA64-4413-A2EA-F3434485CE7A}.Release|Any CPU.Build.0 = Release|Any CPU
		{DEB4D3A6-7853-4615-991F-75A13E77B9C7}.Debug|Any CPU.ActiveCfg = Debug|Any CPU
		{DEB4D3A6-7853-4615-991F-75A13E77B9C7}.Debug|Any CPU.Build.0 = Debug|Any CPU
		{DEB4D3A6-7853-4615-991F-75A13E77B9C7}.Release|Any CPU.ActiveCfg = Release|Any CPU
		{DEB4D3A6-7853-4615-991F-75A13E77B9C7}.Release|Any CPU.Build.0 = Release|Any CPU
		{4F82467B-B2A9-40B6-906D-7F0F89011DCB}.Debug|Any CPU.ActiveCfg = Debug|Any CPU
		{4F82467B-B2A9-40B6-906D-7F0F89011DCB}.Debug|Any CPU.Build.0 = Debug|Any CPU
		{4F82467B-B2A9-40B6-906D-7F0F89011DCB}.Release|Any CPU.ActiveCfg = Release|Any CPU
		{4F82467B-B2A9-40B6-906D-7F0F89011DCB}.Release|Any CPU.Build.0 = Release|Any CPU
		{9015E74E-7E2A-4F41-82C0-968CA67B7F29}.Debug|Any CPU.ActiveCfg = Debug|Any CPU
		{9015E74E-7E2A-4F41-82C0-968CA67B7F29}.Debug|Any CPU.Build.0 = Debug|Any CPU
		{9015E74E-7E2A-4F41-82C0-968CA67B7F29}.Release|Any CPU.ActiveCfg = Release|Any CPU
		{9015E74E-7E2A-4F41-82C0-968CA67B7F29}.Release|Any CPU.Build.0 = Release|Any CPU
		{037AD2B2-7E28-4C67-BE2F-73E86031BDFB}.Debug|Any CPU.ActiveCfg = Debug|Any CPU
		{037AD2B2-7E28-4C67-BE2F-73E86031BDFB}.Debug|Any CPU.Build.0 = Debug|Any CPU
		{037AD2B2-7E28-4C67-BE2F-73E86031BDFB}.Release|Any CPU.ActiveCfg = Release|Any CPU
		{037AD2B2-7E28-4C67-BE2F-73E86031BDFB}.Release|Any CPU.Build.0 = Release|Any CPU
		{1B3BBF91-B168-4203-9BA7-A48D0E96DF49}.Debug|Any CPU.ActiveCfg = Debug|Any CPU
		{1B3BBF91-B168-4203-9BA7-A48D0E96DF49}.Debug|Any CPU.Build.0 = Debug|Any CPU
		{1B3BBF91-B168-4203-9BA7-A48D0E96DF49}.Release|Any CPU.ActiveCfg = Release|Any CPU
		{1B3BBF91-B168-4203-9BA7-A48D0E96DF49}.Release|Any CPU.Build.0 = Release|Any CPU
		{3E19EE95-2753-4B8F-889C-D8F595E71C1A}.Debug|Any CPU.ActiveCfg = Debug|Any CPU
		{3E19EE95-2753-4B8F-889C-D8F595E71C1A}.Debug|Any CPU.Build.0 = Debug|Any CPU
		{3E19EE95-2753-4B8F-889C-D8F595E71C1A}.Release|Any CPU.ActiveCfg = Release|Any CPU
		{3E19EE95-2753-4B8F-889C-D8F595E71C1A}.Release|Any CPU.Build.0 = Release|Any CPU
		{37A6DF71-D00C-445F-BA92-F07365F58EFD}.Debug|Any CPU.ActiveCfg = Debug|Any CPU
		{37A6DF71-D00C-445F-BA92-F07365F58EFD}.Debug|Any CPU.Build.0 = Debug|Any CPU
		{37A6DF71-D00C-445F-BA92-F07365F58EFD}.Release|Any CPU.ActiveCfg = Release|Any CPU
		{37A6DF71-D00C-445F-BA92-F07365F58EFD}.Release|Any CPU.Build.0 = Release|Any CPU
		{FDA191C1-C8EC-4AC1-9835-155FD0DE1E3C}.Debug|Any CPU.ActiveCfg = Debug|Any CPU
		{FDA191C1-C8EC-4AC1-9835-155FD0DE1E3C}.Debug|Any CPU.Build.0 = Debug|Any CPU
		{FDA191C1-C8EC-4AC1-9835-155FD0DE1E3C}.Release|Any CPU.ActiveCfg = Release|Any CPU
		{FDA191C1-C8EC-4AC1-9835-155FD0DE1E3C}.Release|Any CPU.Build.0 = Release|Any CPU
		{41BC2D11-7F08-409C-B0EA-D293725609A1}.Debug|Any CPU.ActiveCfg = Debug|Any CPU
		{41BC2D11-7F08-409C-B0EA-D293725609A1}.Debug|Any CPU.Build.0 = Debug|Any CPU
		{41BC2D11-7F08-409C-B0EA-D293725609A1}.Release|Any CPU.ActiveCfg = Release|Any CPU
		{41BC2D11-7F08-409C-B0EA-D293725609A1}.Release|Any CPU.Build.0 = Release|Any CPU
		{52169DF8-3B86-41DB-BAFD-2B624786385E}.Debug|Any CPU.ActiveCfg = Debug|Any CPU
		{52169DF8-3B86-41DB-BAFD-2B624786385E}.Debug|Any CPU.Build.0 = Debug|Any CPU
		{52169DF8-3B86-41DB-BAFD-2B624786385E}.Release|Any CPU.ActiveCfg = Release|Any CPU
		{52169DF8-3B86-41DB-BAFD-2B624786385E}.Release|Any CPU.Build.0 = Release|Any CPU
		{05195FC3-312E-4BB2-B8CB-AD1003269F06}.Debug|Any CPU.ActiveCfg = Debug|Any CPU
		{05195FC3-312E-4BB2-B8CB-AD1003269F06}.Debug|Any CPU.Build.0 = Debug|Any CPU
		{05195FC3-312E-4BB2-B8CB-AD1003269F06}.Release|Any CPU.ActiveCfg = Release|Any CPU
		{05195FC3-312E-4BB2-B8CB-AD1003269F06}.Release|Any CPU.Build.0 = Release|Any CPU
		{08413568-7D63-439E-A513-006A1F114272}.Debug|Any CPU.ActiveCfg = Debug|Any CPU
		{08413568-7D63-439E-A513-006A1F114272}.Debug|Any CPU.Build.0 = Debug|Any CPU
		{08413568-7D63-439E-A513-006A1F114272}.Release|Any CPU.ActiveCfg = Release|Any CPU
		{08413568-7D63-439E-A513-006A1F114272}.Release|Any CPU.Build.0 = Release|Any CPU
		{3F5A1A70-3B9C-43E6-A316-4BC51A167F11}.Debug|Any CPU.ActiveCfg = Debug|Any CPU
		{3F5A1A70-3B9C-43E6-A316-4BC51A167F11}.Debug|Any CPU.Build.0 = Debug|Any CPU
		{3F5A1A70-3B9C-43E6-A316-4BC51A167F11}.Release|Any CPU.ActiveCfg = Release|Any CPU
		{3F5A1A70-3B9C-43E6-A316-4BC51A167F11}.Release|Any CPU.Build.0 = Release|Any CPU
		{1DE59ABD-8626-486F-BE31-E378E4626C06}.Debug|Any CPU.ActiveCfg = Debug|Any CPU
		{1DE59ABD-8626-486F-BE31-E378E4626C06}.Debug|Any CPU.Build.0 = Debug|Any CPU
		{1DE59ABD-8626-486F-BE31-E378E4626C06}.Release|Any CPU.ActiveCfg = Release|Any CPU
		{1DE59ABD-8626-486F-BE31-E378E4626C06}.Release|Any CPU.Build.0 = Release|Any CPU
		{CCD96825-4C2F-4DC3-9A2A-1F422CCCD738}.Debug|Any CPU.ActiveCfg = Debug|Any CPU
		{CCD96825-4C2F-4DC3-9A2A-1F422CCCD738}.Debug|Any CPU.Build.0 = Debug|Any CPU
		{CCD96825-4C2F-4DC3-9A2A-1F422CCCD738}.Release|Any CPU.ActiveCfg = Release|Any CPU
		{CCD96825-4C2F-4DC3-9A2A-1F422CCCD738}.Release|Any CPU.Build.0 = Release|Any CPU
	EndGlobalSection
	GlobalSection(SolutionProperties) = preSolution
		HideSolutionNode = FALSE
	EndGlobalSection
	GlobalSection(ExtensibilityGlobals) = postSolution
		SolutionGuid = {B48B68D0-0C1F-4B82-B2A8-19B73E2948A4}
	EndGlobalSection
EndGlobal
