
Microsoft Visual Studio Solution File, Format Version 12.00
# Visual Studio Version 17
VisualStudioVersion = 17.14.36518.9
MinimumVisualStudioVersion = 10.0.40219.1
Project("{FAE04EC0-301F-11D3-BF4B-00C04F79EFBC}") = "Buoi02_Bai_2.1", "Buoi02_Bai_2.1\Buoi02_Bai_2.1.csproj", "{EA2BA769-0633-4200-8C97-390B5FB4CE8C}"
EndProject
Project("{FAE04EC0-301F-11D3-BF4B-00C04F79EFBC}") = "Buoi02_Bai_2.2", "Buoi02_Bai_2.2\Buoi02_Bai_2.2.csproj", "{18B32327-85FD-4DDC-BD5F-F4F80E9FB76C}"
EndProject
Project("{FAE04EC0-301F-11D3-BF4B-00C04F79EFBC}") = "Buoi02_Bai_2.3", "Buoi02_Bai_2.3\Buoi02_Bai_2.3.csproj", "{2AEA1BE9-4547-41AC-B2FA-8E2AB4151174}"
EndProject
Project("{FAE04EC0-301F-11D3-BF4B-00C04F79EFBC}") = "Buoi02_Bai_2.4", "Buoi02_Bai_2.4\Buoi02_Bai_2.4.csproj", "{69B27D36-7221-44FD-A8DB-2EF85EF50150}"
EndProject
Project("{FAE04EC0-301F-11D3-BF4B-00C04F79EFBC}") = "Buoi02_Bai_2.5", "Buoi02_Bai_2.5\Buoi02_Bai_2.5.csproj", "{867C43D3-28E3-4D70-B765-B7A46E3C96F9}"
EndProject
Project("{FAE04EC0-301F-11D3-BF4B-00C04F79EFBC}") = "Buoi02_Bai_2.6", "Buoi02_Bai_2.6\Buoi02_Bai_2.6.csproj", "{E45CB1C2-10D5-45C6-904C-4B744137A343}"
EndProject
Project("{FAE04EC0-301F-11D3-BF4B-00C04F79EFBC}") = "Buoi02_Bai_2.7", "Buoi02_Bai_2.7\Buoi02_Bai_2.7.csproj", "{4F79C107-9775-4FB5-BAAE-95D05E71F5A7}"
EndProject
Project("{FAE04EC0-301F-11D3-BF4B-00C04F79EFBC}") = "Buoi02_Bai_2.8", "Buoi02_Bai_2.8\Buoi02_Bai_2.8.csproj", "{48388037-4CFA-4602-BD7E-30815F3A9665}"
EndProject
Project("{FAE04EC0-301F-11D3-BF4B-00C04F79EFBC}") = "Buoi02_Bai_2.9", "Buoi02_Bai_2.9\Buoi02_Bai_2.9.csproj", "{0436F22D-1800-4136-BF64-D651C9BA41CC}"
EndProject
Project("{FAE04EC0-301F-11D3-BF4B-00C04F79EFBC}") = "Buoi02_Bai_2.10", "Buoi02_Bai_2.10\Buoi02_Bai_2.10.csproj", "{06BF49E7-F169-40BD-AAAD-D622F325E78F}"
EndProject
Project("{FAE04EC0-301F-11D3-BF4B-00C04F79EFBC}") = "Buoi02_Bai_3.1", "Buoi02_Bai_3.1\Buoi02_Bai_3.1.csproj", "{2C19FFC8-E42F-4763-A56F-D055462A0921}"
EndProject
Project("{FAE04EC0-301F-11D3-BF4B-00C04F79EFBC}") = "Buoi02_Bai_3.2", "Buoi02_Bai_3.2\Buoi02_Bai_3.2.csproj", "{501FB848-2078-4370-952B-8A0B4E6A8538}"
EndProject
Project("{FAE04EC0-301F-11D3-BF4B-00C04F79EFBC}") = "Buoi02_Bai_3.3", "Buoi02_Bai_3.3\Buoi02_Bai_3.3.csproj", "{4A04596E-971A-4EA9-A0E7-535AAF015EF4}"
EndProject
Project("{FAE04EC0-301F-11D3-BF4B-00C04F79EFBC}") = "Buoi02_Bai_3.4", "Buoi02_Bai_3.4\Buoi02_Bai_3.4.csproj", "{281902CA-DB5D-4B73-92E3-A09FCCA6EB15}"
EndProject
Project("{FAE04EC0-301F-11D3-BF4B-00C04F79EFBC}") = "Buoi02_Bai_4.1", "Buoi02_Bai_4.1\Buoi02_Bai_4.1.csproj", "{4B5B1E6D-86D8-4ED2-AA2F-E50BA6150909}"
EndProject
Project("{FAE04EC0-301F-11D3-BF4B-00C04F79EFBC}") = "Buoi02_Bai_4.2", "Buoi02_Bai_4.2\Buoi02_Bai_4.2.csproj", "{5AD5BCAC-7D6E-493E-95F3-60940FB9E6D0}"
EndProject
Project("{FAE04EC0-301F-11D3-BF4B-00C04F79EFBC}") = "Buoi02_Bai_4.3", "Buoi02_Bai_4.3\Buoi02_Bai_4.3.csproj", "{B621C59B-D508-46E4-B8C8-8D7E8BC52CA5}"
EndProject
Project("{FAE04EC0-301F-11D3-BF4B-00C04F79EFBC}") = "Buoi02_Bai_4.4", "Buoi02_Bai_4.4\Buoi02_Bai_4.4.csproj", "{EC18ACE2-08C2-4CD2-92AB-F3DE567EA4F9}"
EndProject
Project("{FAE04EC0-301F-11D3-BF4B-00C04F79EFBC}") = "Buoi02_Bai_4.5", "Buoi02_Bai_4.5\Buoi02_Bai_4.5.csproj", "{3D45499E-798C-4195-AE96-E5087C375DF0}"
EndProject
Project("{FAE04EC0-301F-11D3-BF4B-00C04F79EFBC}") = "Buoi02_Bai_4.6", "Buoi02_Bai_4.6\Buoi02_Bai_4.6.csproj", "{31B8016C-E4AC-4411-AE24-D188D89382AA}"
EndProject
Project("{FAE04EC0-301F-11D3-BF4B-00C04F79EFBC}") = "Buoi02_Bai_4.7", "Buoi02_Bai_4.7\Buoi02_Bai_4.7.csproj", "{E72D4DDC-0741-4150-9268-D05674BCB2B0}"
EndProject
Project("{FAE04EC0-301F-11D3-BF4B-00C04F79EFBC}") = "Buoi03_Bai_1", "Buoi03_Bai_1\Buoi03_Bai_1.csproj", "{A84C8025-E4CB-47C9-BC1D-02BEF9D75E43}"
EndProject
Project("{FAE04EC0-301F-11D3-BF4B-00C04F79EFBC}") = "Buoi03_Bai_2.1", "Buoi03_Bai_2.1\Buoi03_Bai_2.1.csproj", "{FC7F98B6-3425-4E5B-BB20-9971DD6AD2F1}"
EndProject
Project("{FAE04EC0-301F-11D3-BF4B-00C04F79EFBC}") = "Buoi03_Bai_2.2", "Buoi03_Bai_2.2\Buoi03_Bai_2.2.csproj", "{79F5FA1B-3077-4033-87D5-E3F0FA9074C7}"
EndProject
Project("{FAE04EC0-301F-11D3-BF4B-00C04F79EFBC}") = "Buoi03_Bai_3", "Buoi03_Bai_3\Buoi03_Bai_3.csproj", "{5F5752F1-DED1-4614-BA59-BC5F9F3496F9}"
EndProject
Project("{FAE04EC0-301F-11D3-BF4B-00C04F79EFBC}") = "Buoi03_Bai_4", "Buoi03_Bai_4\Buoi03_Bai_4.csproj", "{CE38EFBA-9E60-4DDA-A9B7-B3CD4E6B7ADF}"
EndProject
Project("{FAE04EC0-301F-11D3-BF4B-00C04F79EFBC}") = "Buoi03_Bai_5", "Buoi03_Bai_5\Buoi03_Bai_5.csproj", "{B34159B8-1AC7-4DA8-BBE6-1BC20452E59C}"
EndProject
Project("{FAE04EC0-301F-11D3-BF4B-00C04F79EFBC}") = "Buoi03_Bai_6", "Buoi03_Bai_6\Buoi03_Bai_6.csproj", "{586FB9FB-5EEE-4900-B7A8-C456F0570E65}"
EndProject
Project("{FAE04EC0-301F-11D3-BF4B-00C04F79EFBC}") = "Buoi03_Bai_7", "Buoi03_Bai_7\Buoi03_Bai_7.csproj", "{77E59A4F-A24F-433B-AD56-CA6A868BFC32}"
EndProject
Project("{FAE04EC0-301F-11D3-BF4B-00C04F79EFBC}") = "Buoi03_Bai_8", "Buoi03_Bai_8\Buoi03_Bai_8.csproj", "{FF6A8E8E-082A-4AB0-8885-51C28A80AEEF}"
EndProject
Project("{FAE04EC0-301F-11D3-BF4B-00C04F79EFBC}") = "Buoi03_Bai_9", "Buoi03_Bai_9\Buoi03_Bai_9.csproj", "{F9D356D2-C5C8-4DE8-885C-1E8C86A5DC9F}"
EndProject
Project("{FAE04EC0-301F-11D3-BF4B-00C04F79EFBC}") = "Buoi04_Bai_4.1", "Buoi04_BAI_4.1\Buoi04_Bai_4.1.csproj", "{CD85C9C9-FBF9-4219-BC21-3B5EA5B01B2D}"
EndProject
Project("{FAE04EC0-301F-11D3-BF4B-00C04F79EFBC}") = "Buoi04_Bai_4.2", "Buoi04_Bai_4.2\Buoi04_Bai_4.2.csproj", "{BE8CE301-60CF-4D47-8507-E9E2AD07352C}"
EndProject
Project("{FAE04EC0-301F-11D3-BF4B-00C04F79EFBC}") = "Buoi04_Bai_4.3", "Buoi04_Bai_4.3\Buoi04_Bai_4.3.csproj", "{86DE1429-AB4E-4513-A6E4-59B2A1D3B80A}"
EndProject
Project("{FAE04EC0-301F-11D3-BF4B-00C04F79EFBC}") = "Buoi05_Bai_5.1", "Buoi05_Bai_5.1\Buoi05_Bai_5.1.csproj", "{2F72EE0E-E984-445B-A159-A8CB30039973}"
EndProject
Project("{FAE04EC0-301F-11D3-BF4B-00C04F79EFBC}") = "Buoi05_Bai_5.2", "Buoi05_Bai_5.2\Buoi05_Bai_5.2.csproj", "{AD3DA1A1-32B1-41FD-914B-6CFF2A4D78DD}"
EndProject
Project("{FAE04EC0-301F-11D3-BF4B-00C04F79EFBC}") = "Buoi05_Bai_5.3", "Buoi05_Bai_5.3\Buoi05_Bai_5.3.csproj", "{39E91AC1-F989-40A7-AA4A-BA8C2099B703}"
EndProject
Project("{FAE04EC0-301F-11D3-BF4B-00C04F79EFBC}") = "Buoi05_Bai_5.4", "Buoi05_Bai_5.4\Buoi05_Bai_5.4.csproj", "{BA160DD1-8F4E-4A77-B99B-062D9FCC9E4C}"
EndProject
Project("{FAE04EC0-301F-11D3-BF4B-00C04F79EFBC}") = "Buoi05_Bai_5.5", "Buoi05_Bai_5.5\Buoi05_Bai_5.5.csproj", "{190602BE-BA4F-4EAC-B9F5-6B6121F93ACC}"
EndProject
Project("{FAE04EC0-301F-11D3-BF4B-00C04F79EFBC}") = "Buoi05_Bai_5.6", "Buoi05_Bai_5.6\Buoi05_Bai_5.6.csproj", "{A4A3B38F-E422-47E4-8549-06BC2424629B}"
EndProject
Project("{FAE04EC0-301F-11D3-BF4B-00C04F79EFBC}") = "Buoi05_Bai_5.7", "Buoi05_Bai_5.7\Buoi05_Bai_5.7.csproj", "{949E833B-A310-4BB5-B31D-4670661BC464}"
EndProject
Project("{FAE04EC0-301F-11D3-BF4B-00C04F79EFBC}") = "Buoi06_Bai_6.1", "Buoi06_Bai_6.1\Buoi06_Bai_6.1.csproj", "{CB661A33-7D40-4061-A540-562571466BFC}"
EndProject
Project("{FAE04EC0-301F-11D3-BF4B-00C04F79EFBC}") = "Buoi06_Bai_6.2", "Buoi06_Bai_6.2\Buoi06_Bai_6.2.csproj", "{F0E8F7F4-FE6F-460D-81FC-8A37379C4412}"
EndProject
Project("{FAE04EC0-301F-11D3-BF4B-00C04F79EFBC}") = "Buoi06_Bai_6.3", "Buoi06_Bai_6.3\Buoi06_Bai_6.3.csproj", "{0A153630-B380-41AF-8684-1CACE5C3C2DD}"
EndProject
Project("{FAE04EC0-301F-11D3-BF4B-00C04F79EFBC}") = "Buoi06_Bai_6.4", "Buoi06_Bai_6.4\Buoi06_Bai_6.4.csproj", "{BAD621C6-277D-43BD-840F-6DE2F9CE8C21}"
EndProject
Global
	GlobalSection(SolutionConfigurationPlatforms) = preSolution
		Debug|Any CPU = Debug|Any CPU
		Release|Any CPU = Release|Any CPU
	EndGlobalSection
	GlobalSection(ProjectConfigurationPlatforms) = postSolution
		{EA2BA769-0633-4200-8C97-390B5FB4CE8C}.Debug|Any CPU.ActiveCfg = Debug|Any CPU
		{EA2BA769-0633-4200-8C97-390B5FB4CE8C}.Debug|Any CPU.Build.0 = Debug|Any CPU
		{EA2BA769-0633-4200-8C97-390B5FB4CE8C}.Release|Any CPU.ActiveCfg = Release|Any CPU
		{EA2BA769-0633-4200-8C97-390B5FB4CE8C}.Release|Any CPU.Build.0 = Release|Any CPU
		{18B32327-85FD-4DDC-BD5F-F4F80E9FB76C}.Debug|Any CPU.ActiveCfg = Debug|Any CPU
		{18B32327-85FD-4DDC-BD5F-F4F80E9FB76C}.Debug|Any CPU.Build.0 = Debug|Any CPU
		{18B32327-85FD-4DDC-BD5F-F4F80E9FB76C}.Release|Any CPU.ActiveCfg = Release|Any CPU
		{18B32327-85FD-4DDC-BD5F-F4F80E9FB76C}.Release|Any CPU.Build.0 = Release|Any CPU
		{2AEA1BE9-4547-41AC-B2FA-8E2AB4151174}.Debug|Any CPU.ActiveCfg = Debug|Any CPU
		{2AEA1BE9-4547-41AC-B2FA-8E2AB4151174}.Debug|Any CPU.Build.0 = Debug|Any CPU
		{2AEA1BE9-4547-41AC-B2FA-8E2AB4151174}.Release|Any CPU.ActiveCfg = Release|Any CPU
		{2AEA1BE9-4547-41AC-B2FA-8E2AB4151174}.Release|Any CPU.Build.0 = Release|Any CPU
		{69B27D36-7221-44FD-A8DB-2EF85EF50150}.Debug|Any CPU.ActiveCfg = Debug|Any CPU
		{69B27D36-7221-44FD-A8DB-2EF85EF50150}.Debug|Any CPU.Build.0 = Debug|Any CPU
		{69B27D36-7221-44FD-A8DB-2EF85EF50150}.Release|Any CPU.ActiveCfg = Release|Any CPU
		{69B27D36-7221-44FD-A8DB-2EF85EF50150}.Release|Any CPU.Build.0 = Release|Any CPU
		{867C43D3-28E3-4D70-B765-B7A46E3C96F9}.Debug|Any CPU.ActiveCfg = Debug|Any CPU
		{867C43D3-28E3-4D70-B765-B7A46E3C96F9}.Debug|Any CPU.Build.0 = Debug|Any CPU
		{867C43D3-28E3-4D70-B765-B7A46E3C96F9}.Release|Any CPU.ActiveCfg = Release|Any CPU
		{867C43D3-28E3-4D70-B765-B7A46E3C96F9}.Release|Any CPU.Build.0 = Release|Any CPU
		{E45CB1C2-10D5-45C6-904C-4B744137A343}.Debug|Any CPU.ActiveCfg = Debug|Any CPU
		{E45CB1C2-10D5-45C6-904C-4B744137A343}.Debug|Any CPU.Build.0 = Debug|Any CPU
		{E45CB1C2-10D5-45C6-904C-4B744137A343}.Release|Any CPU.ActiveCfg = Release|Any CPU
		{E45CB1C2-10D5-45C6-904C-4B744137A343}.Release|Any CPU.Build.0 = Release|Any CPU
		{4F79C107-9775-4FB5-BAAE-95D05E71F5A7}.Debug|Any CPU.ActiveCfg = Debug|Any CPU
		{4F79C107-9775-4FB5-BAAE-95D05E71F5A7}.Debug|Any CPU.Build.0 = Debug|Any CPU
		{4F79C107-9775-4FB5-BAAE-95D05E71F5A7}.Release|Any CPU.ActiveCfg = Release|Any CPU
		{4F79C107-9775-4FB5-BAAE-95D05E71F5A7}.Release|Any CPU.Build.0 = Release|Any CPU
		{48388037-4CFA-4602-BD7E-30815F3A9665}.Debug|Any CPU.ActiveCfg = Debug|Any CPU
		{48388037-4CFA-4602-BD7E-30815F3A9665}.Debug|Any CPU.Build.0 = Debug|Any CPU
		{48388037-4CFA-4602-BD7E-30815F3A9665}.Release|Any CPU.ActiveCfg = Release|Any CPU
		{48388037-4CFA-4602-BD7E-30815F3A9665}.Release|Any CPU.Build.0 = Release|Any CPU
		{0436F22D-1800-4136-BF64-D651C9BA41CC}.Debug|Any CPU.ActiveCfg = Debug|Any CPU
		{0436F22D-1800-4136-BF64-D651C9BA41CC}.Debug|Any CPU.Build.0 = Debug|Any CPU
		{0436F22D-1800-4136-BF64-D651C9BA41CC}.Release|Any CPU.ActiveCfg = Release|Any CPU
		{0436F22D-1800-4136-BF64-D651C9BA41CC}.Release|Any CPU.Build.0 = Release|Any CPU
		{06BF49E7-F169-40BD-AAAD-D622F325E78F}.Debug|Any CPU.ActiveCfg = Debug|Any CPU
		{06BF49E7-F169-40BD-AAAD-D622F325E78F}.Debug|Any CPU.Build.0 = Debug|Any CPU
		{06BF49E7-F169-40BD-AAAD-D622F325E78F}.Release|Any CPU.ActiveCfg = Release|Any CPU
		{06BF49E7-F169-40BD-AAAD-D622F325E78F}.Release|Any CPU.Build.0 = Release|Any CPU
		{2C19FFC8-E42F-4763-A56F-D055462A0921}.Debug|Any CPU.ActiveCfg = Debug|Any CPU
		{2C19FFC8-E42F-4763-A56F-D055462A0921}.Debug|Any CPU.Build.0 = Debug|Any CPU
		{2C19FFC8-E42F-4763-A56F-D055462A0921}.Release|Any CPU.ActiveCfg = Release|Any CPU
		{2C19FFC8-E42F-4763-A56F-D055462A0921}.Release|Any CPU.Build.0 = Release|Any CPU
		{501FB848-2078-4370-952B-8A0B4E6A8538}.Debug|Any CPU.ActiveCfg = Debug|Any CPU
		{501FB848-2078-4370-952B-8A0B4E6A8538}.Debug|Any CPU.Build.0 = Debug|Any CPU
		{501FB848-2078-4370-952B-8A0B4E6A8538}.Release|Any CPU.ActiveCfg = Release|Any CPU
		{501FB848-2078-4370-952B-8A0B4E6A8538}.Release|Any CPU.Build.0 = Release|Any CPU
		{4A04596E-971A-4EA9-A0E7-535AAF015EF4}.Debug|Any CPU.ActiveCfg = Debug|Any CPU
		{4A04596E-971A-4EA9-A0E7-535AAF015EF4}.Debug|Any CPU.Build.0 = Debug|Any CPU
		{4A04596E-971A-4EA9-A0E7-535AAF015EF4}.Release|Any CPU.ActiveCfg = Release|Any CPU
		{4A04596E-971A-4EA9-A0E7-535AAF015EF4}.Release|Any CPU.Build.0 = Release|Any CPU
		{281902CA-DB5D-4B73-92E3-A09FCCA6EB15}.Debug|Any CPU.ActiveCfg = Debug|Any CPU
		{281902CA-DB5D-4B73-92E3-A09FCCA6EB15}.Debug|Any CPU.Build.0 = Debug|Any CPU
		{281902CA-DB5D-4B73-92E3-A09FCCA6EB15}.Release|Any CPU.ActiveCfg = Release|Any CPU
		{281902CA-DB5D-4B73-92E3-A09FCCA6EB15}.Release|Any CPU.Build.0 = Release|Any CPU
		{4B5B1E6D-86D8-4ED2-AA2F-E50BA6150909}.Debug|Any CPU.ActiveCfg = Debug|Any CPU
		{4B5B1E6D-86D8-4ED2-AA2F-E50BA6150909}.Debug|Any CPU.Build.0 = Debug|Any CPU
		{4B5B1E6D-86D8-4ED2-AA2F-E50BA6150909}.Release|Any CPU.ActiveCfg = Release|Any CPU
		{4B5B1E6D-86D8-4ED2-AA2F-E50BA6150909}.Release|Any CPU.Build.0 = Release|Any CPU
		{5AD5BCAC-7D6E-493E-95F3-60940FB9E6D0}.Debug|Any CPU.ActiveCfg = Debug|Any CPU
		{5AD5BCAC-7D6E-493E-95F3-60940FB9E6D0}.Debug|Any CPU.Build.0 = Debug|Any CPU
		{5AD5BCAC-7D6E-493E-95F3-60940FB9E6D0}.Release|Any CPU.ActiveCfg = Release|Any CPU
		{5AD5BCAC-7D6E-493E-95F3-60940FB9E6D0}.Release|Any CPU.Build.0 = Release|Any CPU
		{B621C59B-D508-46E4-B8C8-8D7E8BC52CA5}.Debug|Any CPU.ActiveCfg = Debug|Any CPU
		{B621C59B-D508-46E4-B8C8-8D7E8BC52CA5}.Debug|Any CPU.Build.0 = Debug|Any CPU
		{B621C59B-D508-46E4-B8C8-8D7E8BC52CA5}.Release|Any CPU.ActiveCfg = Release|Any CPU
		{B621C59B-D508-46E4-B8C8-8D7E8BC52CA5}.Release|Any CPU.Build.0 = Release|Any CPU
		{EC18ACE2-08C2-4CD2-92AB-F3DE567EA4F9}.Debug|Any CPU.ActiveCfg = Debug|Any CPU
		{EC18ACE2-08C2-4CD2-92AB-F3DE567EA4F9}.Debug|Any CPU.Build.0 = Debug|Any CPU
		{EC18ACE2-08C2-4CD2-92AB-F3DE567EA4F9}.Release|Any CPU.ActiveCfg = Release|Any CPU
		{EC18ACE2-08C2-4CD2-92AB-F3DE567EA4F9}.Release|Any CPU.Build.0 = Release|Any CPU
		{3D45499E-798C-4195-AE96-E5087C375DF0}.Debug|Any CPU.ActiveCfg = Debug|Any CPU
		{3D45499E-798C-4195-AE96-E5087C375DF0}.Debug|Any CPU.Build.0 = Debug|Any CPU
		{3D45499E-798C-4195-AE96-E5087C375DF0}.Release|Any CPU.ActiveCfg = Release|Any CPU
		{3D45499E-798C-4195-AE96-E5087C375DF0}.Release|Any CPU.Build.0 = Release|Any CPU
		{31B8016C-E4AC-4411-AE24-D188D89382AA}.Debug|Any CPU.ActiveCfg = Debug|Any CPU
		{31B8016C-E4AC-4411-AE24-D188D89382AA}.Debug|Any CPU.Build.0 = Debug|Any CPU
		{31B8016C-E4AC-4411-AE24-D188D89382AA}.Release|Any CPU.ActiveCfg = Release|Any CPU
		{31B8016C-E4AC-4411-AE24-D188D89382AA}.Release|Any CPU.Build.0 = Release|Any CPU
		{E72D4DDC-0741-4150-9268-D05674BCB2B0}.Debug|Any CPU.ActiveCfg = Debug|Any CPU
		{E72D4DDC-0741-4150-9268-D05674BCB2B0}.Debug|Any CPU.Build.0 = Debug|Any CPU
		{E72D4DDC-0741-4150-9268-D05674BCB2B0}.Release|Any CPU.ActiveCfg = Release|Any CPU
		{E72D4DDC-0741-4150-9268-D05674BCB2B0}.Release|Any CPU.Build.0 = Release|Any CPU
		{A84C8025-E4CB-47C9-BC1D-02BEF9D75E43}.Debug|Any CPU.ActiveCfg = Debug|Any CPU
		{A84C8025-E4CB-47C9-BC1D-02BEF9D75E43}.Debug|Any CPU.Build.0 = Debug|Any CPU
		{A84C8025-E4CB-47C9-BC1D-02BEF9D75E43}.Release|Any CPU.ActiveCfg = Release|Any CPU
		{A84C8025-E4CB-47C9-BC1D-02BEF9D75E43}.Release|Any CPU.Build.0 = Release|Any CPU
		{FC7F98B6-3425-4E5B-BB20-9971DD6AD2F1}.Debug|Any CPU.ActiveCfg = Debug|Any CPU
		{FC7F98B6-3425-4E5B-BB20-9971DD6AD2F1}.Debug|Any CPU.Build.0 = Debug|Any CPU
		{FC7F98B6-3425-4E5B-BB20-9971DD6AD2F1}.Release|Any CPU.ActiveCfg = Release|Any CPU
		{FC7F98B6-3425-4E5B-BB20-9971DD6AD2F1}.Release|Any CPU.Build.0 = Release|Any CPU
		{79F5FA1B-3077-4033-87D5-E3F0FA9074C7}.Debug|Any CPU.ActiveCfg = Debug|Any CPU
		{79F5FA1B-3077-4033-87D5-E3F0FA9074C7}.Debug|Any CPU.Build.0 = Debug|Any CPU
		{79F5FA1B-3077-4033-87D5-E3F0FA9074C7}.Release|Any CPU.ActiveCfg = Release|Any CPU
		{79F5FA1B-3077-4033-87D5-E3F0FA9074C7}.Release|Any CPU.Build.0 = Release|Any CPU
		{5F5752F1-DED1-4614-BA59-BC5F9F3496F9}.Debug|Any CPU.ActiveCfg = Debug|Any CPU
		{5F5752F1-DED1-4614-BA59-BC5F9F3496F9}.Debug|Any CPU.Build.0 = Debug|Any CPU
		{5F5752F1-DED1-4614-BA59-BC5F9F3496F9}.Release|Any CPU.ActiveCfg = Release|Any CPU
		{5F5752F1-DED1-4614-BA59-BC5F9F3496F9}.Release|Any CPU.Build.0 = Release|Any CPU
		{CE38EFBA-9E60-4DDA-A9B7-B3CD4E6B7ADF}.Debug|Any CPU.ActiveCfg = Debug|Any CPU
		{CE38EFBA-9E60-4DDA-A9B7-B3CD4E6B7ADF}.Debug|Any CPU.Build.0 = Debug|Any CPU
		{CE38EFBA-9E60-4DDA-A9B7-B3CD4E6B7ADF}.Release|Any CPU.ActiveCfg = Release|Any CPU
		{CE38EFBA-9E60-4DDA-A9B7-B3CD4E6B7ADF}.Release|Any CPU.Build.0 = Release|Any CPU
		{B34159B8-1AC7-4DA8-BBE6-1BC20452E59C}.Debug|Any CPU.ActiveCfg = Debug|Any CPU
		{B34159B8-1AC7-4DA8-BBE6-1BC20452E59C}.Debug|Any CPU.Build.0 = Debug|Any CPU
		{B34159B8-1AC7-4DA8-BBE6-1BC20452E59C}.Release|Any CPU.ActiveCfg = Release|Any CPU
		{B34159B8-1AC7-4DA8-BBE6-1BC20452E59C}.Release|Any CPU.Build.0 = Release|Any CPU
		{586FB9FB-5EEE-4900-B7A8-C456F0570E65}.Debug|Any CPU.ActiveCfg = Debug|Any CPU
		{586FB9FB-5EEE-4900-B7A8-C456F0570E65}.Debug|Any CPU.Build.0 = Debug|Any CPU
		{586FB9FB-5EEE-4900-B7A8-C456F0570E65}.Release|Any CPU.ActiveCfg = Release|Any CPU
		{586FB9FB-5EEE-4900-B7A8-C456F0570E65}.Release|Any CPU.Build.0 = Release|Any CPU
		{77E59A4F-A24F-433B-AD56-CA6A868BFC32}.Debug|Any CPU.ActiveCfg = Debug|Any CPU
		{77E59A4F-A24F-433B-AD56-CA6A868BFC32}.Debug|Any CPU.Build.0 = Debug|Any CPU
		{77E59A4F-A24F-433B-AD56-CA6A868BFC32}.Release|Any CPU.ActiveCfg = Release|Any CPU
		{77E59A4F-A24F-433B-AD56-CA6A868BFC32}.Release|Any CPU.Build.0 = Release|Any CPU
		{FF6A8E8E-082A-4AB0-8885-51C28A80AEEF}.Debug|Any CPU.ActiveCfg = Debug|Any CPU
		{FF6A8E8E-082A-4AB0-8885-51C28A80AEEF}.Debug|Any CPU.Build.0 = Debug|Any CPU
		{FF6A8E8E-082A-4AB0-8885-51C28A80AEEF}.Release|Any CPU.ActiveCfg = Release|Any CPU
		{FF6A8E8E-082A-4AB0-8885-51C28A80AEEF}.Release|Any CPU.Build.0 = Release|Any CPU
		{F9D356D2-C5C8-4DE8-885C-1E8C86A5DC9F}.Debug|Any CPU.ActiveCfg = Debug|Any CPU
		{F9D356D2-C5C8-4DE8-885C-1E8C86A5DC9F}.Debug|Any CPU.Build.0 = Debug|Any CPU
		{F9D356D2-C5C8-4DE8-885C-1E8C86A5DC9F}.Release|Any CPU.ActiveCfg = Release|Any CPU
		{F9D356D2-C5C8-4DE8-885C-1E8C86A5DC9F}.Release|Any CPU.Build.0 = Release|Any CPU
		{CD85C9C9-FBF9-4219-BC21-3B5EA5B01B2D}.Debug|Any CPU.ActiveCfg = Debug|Any CPU
		{CD85C9C9-FBF9-4219-BC21-3B5EA5B01B2D}.Debug|Any CPU.Build.0 = Debug|Any CPU
		{CD85C9C9-FBF9-4219-BC21-3B5EA5B01B2D}.Release|Any CPU.ActiveCfg = Release|Any CPU
		{CD85C9C9-FBF9-4219-BC21-3B5EA5B01B2D}.Release|Any CPU.Build.0 = Release|Any CPU
		{BE8CE301-60CF-4D47-8507-E9E2AD07352C}.Debug|Any CPU.ActiveCfg = Debug|Any CPU
		{BE8CE301-60CF-4D47-8507-E9E2AD07352C}.Debug|Any CPU.Build.0 = Debug|Any CPU
		{BE8CE301-60CF-4D47-8507-E9E2AD07352C}.Release|Any CPU.ActiveCfg = Release|Any CPU
		{BE8CE301-60CF-4D47-8507-E9E2AD07352C}.Release|Any CPU.Build.0 = Release|Any CPU
		{86DE1429-AB4E-4513-A6E4-59B2A1D3B80A}.Debug|Any CPU.ActiveCfg = Debug|Any CPU
		{86DE1429-AB4E-4513-A6E4-59B2A1D3B80A}.Debug|Any CPU.Build.0 = Debug|Any CPU
		{86DE1429-AB4E-4513-A6E4-59B2A1D3B80A}.Release|Any CPU.ActiveCfg = Release|Any CPU
		{86DE1429-AB4E-4513-A6E4-59B2A1D3B80A}.Release|Any CPU.Build.0 = Release|Any CPU
		{2F72EE0E-E984-445B-A159-A8CB30039973}.Debug|Any CPU.ActiveCfg = Debug|Any CPU
		{2F72EE0E-E984-445B-A159-A8CB30039973}.Debug|Any CPU.Build.0 = Debug|Any CPU
		{2F72EE0E-E984-445B-A159-A8CB30039973}.Release|Any CPU.ActiveCfg = Release|Any CPU
		{2F72EE0E-E984-445B-A159-A8CB30039973}.Release|Any CPU.Build.0 = Release|Any CPU
		{AD3DA1A1-32B1-41FD-914B-6CFF2A4D78DD}.Debug|Any CPU.ActiveCfg = Debug|Any CPU
		{AD3DA1A1-32B1-41FD-914B-6CFF2A4D78DD}.Debug|Any CPU.Build.0 = Debug|Any CPU
		{AD3DA1A1-32B1-41FD-914B-6CFF2A4D78DD}.Release|Any CPU.ActiveCfg = Release|Any CPU
		{AD3DA1A1-32B1-41FD-914B-6CFF2A4D78DD}.Release|Any CPU.Build.0 = Release|Any CPU
		{39E91AC1-F989-40A7-AA4A-BA8C2099B703}.Debug|Any CPU.ActiveCfg = Debug|Any CPU
		{39E91AC1-F989-40A7-AA4A-BA8C2099B703}.Debug|Any CPU.Build.0 = Debug|Any CPU
		{39E91AC1-F989-40A7-AA4A-BA8C2099B703}.Release|Any CPU.ActiveCfg = Release|Any CPU
		{39E91AC1-F989-40A7-AA4A-BA8C2099B703}.Release|Any CPU.Build.0 = Release|Any CPU
		{BA160DD1-8F4E-4A77-B99B-062D9FCC9E4C}.Debug|Any CPU.ActiveCfg = Debug|Any CPU
		{BA160DD1-8F4E-4A77-B99B-062D9FCC9E4C}.Debug|Any CPU.Build.0 = Debug|Any CPU
		{BA160DD1-8F4E-4A77-B99B-062D9FCC9E4C}.Release|Any CPU.ActiveCfg = Release|Any CPU
		{BA160DD1-8F4E-4A77-B99B-062D9FCC9E4C}.Release|Any CPU.Build.0 = Release|Any CPU
		{190602BE-BA4F-4EAC-B9F5-6B6121F93ACC}.Debug|Any CPU.ActiveCfg = Debug|Any CPU
		{190602BE-BA4F-4EAC-B9F5-6B6121F93ACC}.Debug|Any CPU.Build.0 = Debug|Any CPU
		{190602BE-BA4F-4EAC-B9F5-6B6121F93ACC}.Release|Any CPU.ActiveCfg = Release|Any CPU
		{190602BE-BA4F-4EAC-B9F5-6B6121F93ACC}.Release|Any CPU.Build.0 = Release|Any CPU
		{A4A3B38F-E422-47E4-8549-06BC2424629B}.Debug|Any CPU.ActiveCfg = Debug|Any CPU
		{A4A3B38F-E422-47E4-8549-06BC2424629B}.Debug|Any CPU.Build.0 = Debug|Any CPU
		{A4A3B38F-E422-47E4-8549-06BC2424629B}.Release|Any CPU.ActiveCfg = Release|Any CPU
		{A4A3B38F-E422-47E4-8549-06BC2424629B}.Release|Any CPU.Build.0 = Release|Any CPU
		{949E833B-A310-4BB5-B31D-4670661BC464}.Debug|Any CPU.ActiveCfg = Debug|Any CPU
		{949E833B-A310-4BB5-B31D-4670661BC464}.Debug|Any CPU.Build.0 = Debug|Any CPU
		{949E833B-A310-4BB5-B31D-4670661BC464}.Release|Any CPU.ActiveCfg = Release|Any CPU
		{949E833B-A310-4BB5-B31D-4670661BC464}.Release|Any CPU.Build.0 = Release|Any CPU
		{CB661A33-7D40-4061-A540-562571466BFC}.Debug|Any CPU.ActiveCfg = Debug|Any CPU
		{CB661A33-7D40-4061-A540-562571466BFC}.Debug|Any CPU.Build.0 = Debug|Any CPU
		{CB661A33-7D40-4061-A540-562571466BFC}.Release|Any CPU.ActiveCfg = Release|Any CPU
		{CB661A33-7D40-4061-A540-562571466BFC}.Release|Any CPU.Build.0 = Release|Any CPU
		{F0E8F7F4-FE6F-460D-81FC-8A37379C4412}.Debug|Any CPU.ActiveCfg = Debug|Any CPU
		{F0E8F7F4-FE6F-460D-81FC-8A37379C4412}.Debug|Any CPU.Build.0 = Debug|Any CPU
		{F0E8F7F4-FE6F-460D-81FC-8A37379C4412}.Release|Any CPU.ActiveCfg = Release|Any CPU
		{F0E8F7F4-FE6F-460D-81FC-8A37379C4412}.Release|Any CPU.Build.0 = Release|Any CPU
		{0A153630-B380-41AF-8684-1CACE5C3C2DD}.Debug|Any CPU.ActiveCfg = Debug|Any CPU
		{0A153630-B380-41AF-8684-1CACE5C3C2DD}.Debug|Any CPU.Build.0 = Debug|Any CPU
		{0A153630-B380-41AF-8684-1CACE5C3C2DD}.Release|Any CPU.ActiveCfg = Release|Any CPU
		{0A153630-B380-41AF-8684-1CACE5C3C2DD}.Release|Any CPU.Build.0 = Release|Any CPU
		{BAD621C6-277D-43BD-840F-6DE2F9CE8C21}.Debug|Any CPU.ActiveCfg = Debug|Any CPU
		{BAD621C6-277D-43BD-840F-6DE2F9CE8C21}.Debug|Any CPU.Build.0 = Debug|Any CPU
		{BAD621C6-277D-43BD-840F-6DE2F9CE8C21}.Release|Any CPU.ActiveCfg = Release|Any CPU
		{BAD621C6-277D-43BD-840F-6DE2F9CE8C21}.Release|Any CPU.Build.0 = Release|Any CPU
	EndGlobalSection
	GlobalSection(SolutionProperties) = preSolution
		HideSolutionNode = FALSE
	EndGlobalSection
	GlobalSection(ExtensibilityGlobals) = postSolution
		SolutionGuid = {95F0FFEB-2D18-49E1-8F30-6C4339E7A9A7}
	EndGlobalSection
EndGlobal
